
Microsoft Visual Studio Solution File, Format Version 12.00
# Visual Studio Version 16
VisualStudioVersion = 16.0.31613.86
MinimumVisualStudioVersion = 10.0.40219.1
Project("{FAE04EC0-301F-11D3-BF4B-00C04F79EFBC}") = "BLinkerTest", "BLinkerTest\BLinkerTest.csproj", "{16D340C4-59D2-438D-AA04-FAE4DA93D6BF}"
EndProject
Global
	GlobalSection(SolutionConfigurationPlatforms) = preSolution
		Debug|Any CPU = Debug|Any CPU
		Release|Any CPU = Release|Any CPU
	EndGlobalSection
	GlobalSection(ProjectConfigurationPlatforms) = postSolution
		{16D340C4-59D2-438D-AA04-FAE4DA93D6BF}.Debug|Any CPU.ActiveCfg = Debug|Any CPU
		{16D340C4-59D2-438D-AA04-FAE4DA93D6BF}.Debug|Any CPU.Build.0 = Debug|Any CPU
		{16D340C4-59D2-438D-AA04-FAE4DA93D6BF}.Release|Any CPU.ActiveCfg = Release|Any CPU
		{16D340C4-59D2-438D-AA04-FAE4DA93D6BF}.Release|Any CPU.Build.0 = Release|Any CPU
	EndGlobalSection
	GlobalSection(SolutionProperties) = preSolution
		HideSolutionNode = FALSE
	EndGlobalSection
	GlobalSection(ExtensibilityGlobals) = postSolution
		SolutionGuid = {92C821AF-5694-401A-BB1A-E9794279F128}
	EndGlobalSection
EndGlobal
